
Microsoft Visual Studio Solution File, Format Version 12.00
# Visual Studio Version 16
VisualStudioVersion = 16.0.29728.190
MinimumVisualStudioVersion = 10.0.40219.1
Project("{FAE04EC0-301F-11D3-BF4B-00C04F79EFBC}") = "SmbAbstraction.Examples.Console", "SmbAbstraction.Examples.Console.csproj", "{DB2A2202-6EBF-4003-8F8B-B61E3D644DD8}"
EndProject
Global
	GlobalSection(SolutionConfigurationPlatforms) = preSolution
		Debug|Any CPU = Debug|Any CPU
		Release|Any CPU = Release|Any CPU
	EndGlobalSection
	GlobalSection(ProjectConfigurationPlatforms) = postSolution
		{DB2A2202-6EBF-4003-8F8B-B61E3D644DD8}.Debug|Any CPU.ActiveCfg = Debug|Any CPU
		{DB2A2202-6EBF-4003-8F8B-B61E3D644DD8}.Debug|Any CPU.Build.0 = Debug|Any CPU
		{DB2A2202-6EBF-4003-8F8B-B61E3D644DD8}.Release|Any CPU.ActiveCfg = Release|Any CPU
		{DB2A2202-6EBF-4003-8F8B-B61E3D644DD8}.Release|Any CPU.Build.0 = Release|Any CPU
	EndGlobalSection
	GlobalSection(SolutionProperties) = preSolution
		HideSolutionNode = FALSE
	EndGlobalSection
	GlobalSection(ExtensibilityGlobals) = postSolution
		SolutionGuid = {9E1F99FB-025B-44F0-94F4-E43F016477B4}
	EndGlobalSection
EndGlobal
